
Microsoft Visual Studio Solution File, Format Version 12.00
# Visual Studio Version 17
VisualStudioVersion = 17.0.31903.59
MinimumVisualStudioVersion = 10.0.40219.1
Project("{FAE04EC0-301F-11D3-BF4B-00C04F79EFBC}") = "BGPLite", "BGPLite\BGPLite.csproj", "{3D444769-0A70-4C53-86A5-AEB2BDAAAA1B}"
EndProject
Project("{FAE04EC0-301F-11D3-BF4B-00C04F79EFBC}") = "BGPLite.Protocol", "BGPLite.Protocol\BGPLite.Protocol.csproj", "{693CF970-8957-442A-8F21-F15DEDDA6D97}"
EndProject
Project("{FAE04EC0-301F-11D3-BF4B-00C04F79EFBC}") = "BGPLite.Server", "BGPLite.Server\BGPLite.Server.csproj", "{9B7F52CE-ECBA-4942-A7E5-CFCD1D9C5B5E}"
EndProject
Project("{FAE04EC0-301F-11D3-BF4B-00C04F79EFBC}") = "BGPLite.Routing", "BGPLite.Routing\BGPLite.Routing.csproj", "{5857DD14-B9BD-4D3B-8ADD-08F2978BA53B}"
EndProject
Project("{FAE04EC0-301F-11D3-BF4B-00C04F79EFBC}") = "BGPLite.Configuration", "BGPLite.Configuration\BGPLite.Configuration.csproj", "{4889B8D6-8090-4866-AD15-285AE46A2DA9}"
EndProject
Project("{FAE04EC0-301F-11D3-BF4B-00C04F79EFBC}") = "BGPLite.Tests", "BGPLite.Tests\BGPLite.Tests.csproj", "{62464139-51DE-49A4-AF93-B354CC0A7CE2}"
EndProject
Project("{FAE04EC0-301F-11D3-BF4B-00C04F79EFBC}") = "BGPLite.Api", "BGPLite.Api\BGPLite.Api.csproj", "{27ECD1EF-8683-4E79-BC83-92C9D9DEFD7B}"
EndProject
Project("{FAE04EC0-301F-11D3-BF4B-00C04F79EFBC}") = "BGPLite.Providers", "BGPLite.Providers\BGPLite.Providers.csproj", "{22F5F58A-345F-4149-AE26-6CAC4875BA60}"
EndProject
Project("{FAE04EC0-301F-11D3-BF4B-00C04F79EFBC}") = "BGPLite.Contracts", "BGPLite.Contracts\BGPLite.Contracts.csproj", "{F40BD30A-8E53-45E7-B21D-BBC2DC79693B}"
EndProject
Global
	GlobalSection(SolutionConfigurationPlatforms) = preSolution
		Debug|Any CPU = Debug|Any CPU
		Debug|x64 = Debug|x64
		Debug|x86 = Debug|x86
		Release|Any CPU = Release|Any CPU
		Release|x64 = Release|x64
		Release|x86 = Release|x86
	EndGlobalSection
	GlobalSection(ProjectConfigurationPlatforms) = postSolution
		{3D444769-0A70-4C53-86A5-AEB2BDAAAA1B}.Debug|Any CPU.ActiveCfg = Debug|Any CPU
		{3D444769-0A70-4C53-86A5-AEB2BDAAAA1B}.Debug|Any CPU.Build.0 = Debug|Any CPU
		{3D444769-0A70-4C53-86A5-AEB2BDAAAA1B}.Debug|x64.ActiveCfg = Debug|Any CPU
		{3D444769-0A70-4C53-86A5-AEB2BDAAAA1B}.Debug|x64.Build.0 = Debug|Any CPU
		{3D444769-0A70-4C53-86A5-AEB2BDAAAA1B}.Debug|x86.ActiveCfg = Debug|Any CPU
		{3D444769-0A70-4C53-86A5-AEB2BDAAAA1B}.Debug|x86.Build.0 = Debug|Any CPU
		{3D444769-0A70-4C53-86A5-AEB2BDAAAA1B}.Release|Any CPU.ActiveCfg = Release|Any CPU
		{3D444769-0A70-4C53-86A5-AEB2BDAAAA1B}.Release|Any CPU.Build.0 = Release|Any CPU
		{3D444769-0A70-4C53-86A5-AEB2BDAAAA1B}.Release|x64.ActiveCfg = Release|Any CPU
		{3D444769-0A70-4C53-86A5-AEB2BDAAAA1B}.Release|x64.Build.0 = Release|Any CPU
		{3D444769-0A70-4C53-86A5-AEB2BDAAAA1B}.Release|x86.ActiveCfg = Release|Any CPU
		{3D444769-0A70-4C53-86A5-AEB2BDAAAA1B}.Release|x86.Build.0 = Release|Any CPU
		{693CF970-8957-442A-8F21-F15DEDDA6D97}.Debug|Any CPU.ActiveCfg = Debug|Any CPU
		{693CF970-8957-442A-8F21-F15DEDDA6D97}.Debug|Any CPU.Build.0 = Debug|Any CPU
		{693CF970-8957-442A-8F21-F15DEDDA6D97}.Debug|x64.ActiveCfg = Debug|Any CPU
		{693CF970-8957-442A-8F21-F15DEDDA6D97}.Debug|x64.Build.0 = Debug|Any CPU
		{693CF970-8957-442A-8F21-F15DEDDA6D97}.Debug|x86.ActiveCfg = Debug|Any CPU
		{693CF970-8957-442A-8F21-F15DEDDA6D97}.Debug|x86.Build.0 = Debug|Any CPU
		{693CF970-8957-442A-8F21-F15DEDDA6D97}.Release|Any CPU.ActiveCfg = Release|Any CPU
		{693CF970-8957-442A-8F21-F15DEDDA6D97}.Release|Any CPU.Build.0 = Release|Any CPU
		{693CF970-8957-442A-8F21-F15DEDDA6D97}.Release|x64.ActiveCfg = Release|Any CPU
		{693CF970-8957-442A-8F21-F15DEDDA6D97}.Release|x64.Build.0 = Release|Any CPU
		{693CF970-8957-442A-8F21-F15DEDDA6D97}.Release|x86.ActiveCfg = Release|Any CPU
		{693CF970-8957-442A-8F21-F15DEDDA6D97}.Release|x86.Build.0 = Release|Any CPU
		{9B7F52CE-ECBA-4942-A7E5-CFCD1D9C5B5E}.Debug|Any CPU.ActiveCfg = Debug|Any CPU
		{9B7F52CE-ECBA-4942-A7E5-CFCD1D9C5B5E}.Debug|Any CPU.Build.0 = Debug|Any CPU
		{9B7F52CE-ECBA-4942-A7E5-CFCD1D9C5B5E}.Debug|x64.ActiveCfg = Debug|Any CPU
		{9B7F52CE-ECBA-4942-A7E5-CFCD1D9C5B5E}.Debug|x64.Build.0 = Debug|Any CPU
		{9B7F52CE-ECBA-4942-A7E5-CFCD1D9C5B5E}.Debug|x86.ActiveCfg = Debug|Any CPU
		{9B7F52CE-ECBA-4942-A7E5-CFCD1D9C5B5E}.Debug|x86.Build.0 = Debug|Any CPU
		{9B7F52CE-ECBA-4942-A7E5-CFCD1D9C5B5E}.Release|Any CPU.ActiveCfg = Release|Any CPU
		{9B7F52CE-ECBA-4942-A7E5-CFCD1D9C5B5E}.Release|Any CPU.Build.0 = Release|Any CPU
		{9B7F52CE-ECBA-4942-A7E5-CFCD1D9C5B5E}.Release|x64.ActiveCfg = Release|Any CPU
		{9B7F52CE-ECBA-4942-A7E5-CFCD1D9C5B5E}.Release|x64.Build.0 = Release|Any CPU
		{9B7F52CE-ECBA-4942-A7E5-CFCD1D9C5B5E}.Release|x86.ActiveCfg = Release|Any CPU
		{9B7F52CE-ECBA-4942-A7E5-CFCD1D9C5B5E}.Release|x86.Build.0 = Release|Any CPU
		{5857DD14-B9BD-4D3B-8ADD-08F2978BA53B}.Debug|Any CPU.ActiveCfg = Debug|Any CPU
		{5857DD14-B9BD-4D3B-8ADD-08F2978BA53B}.Debug|Any CPU.Build.0 = Debug|Any CPU
		{5857DD14-B9BD-4D3B-8ADD-08F2978BA53B}.Debug|x64.ActiveCfg = Debug|Any CPU
		{5857DD14-B9BD-4D3B-8ADD-08F2978BA53B}.Debug|x64.Build.0 = Debug|Any CPU
		{5857DD14-B9BD-4D3B-8ADD-08F2978BA53B}.Debug|x86.ActiveCfg = Debug|Any CPU
		{5857DD14-B9BD-4D3B-8ADD-08F2978BA53B}.Debug|x86.Build.0 = Debug|Any CPU
		{5857DD14-B9BD-4D3B-8ADD-08F2978BA53B}.Release|Any CPU.ActiveCfg = Release|Any CPU
		{5857DD14-B9BD-4D3B-8ADD-08F2978BA53B}.Release|Any CPU.Build.0 = Release|Any CPU
		{5857DD14-B9BD-4D3B-8ADD-08F2978BA53B}.Release|x64.ActiveCfg = Release|Any CPU
		{5857DD14-B9BD-4D3B-8ADD-08F2978BA53B}.Release|x64.Build.0 = Release|Any CPU
		{5857DD14-B9BD-4D3B-8ADD-08F2978BA53B}.Release|x86.ActiveCfg = Release|Any CPU
		{5857DD14-B9BD-4D3B-8ADD-08F2978BA53B}.Release|x86.Build.0 = Release|Any CPU
		{4889B8D6-8090-4866-AD15-285AE46A2DA9}.Debug|Any CPU.ActiveCfg = Debug|Any CPU
		{4889B8D6-8090-4866-AD15-285AE46A2DA9}.Debug|Any CPU.Build.0 = Debug|Any CPU
		{4889B8D6-8090-4866-AD15-285AE46A2DA9}.Debug|x64.ActiveCfg = Debug|Any CPU
		{4889B8D6-8090-4866-AD15-285AE46A2DA9}.Debug|x64.Build.0 = Debug|Any CPU
		{4889B8D6-8090-4866-AD15-285AE46A2DA9}.Debug|x86.ActiveCfg = Debug|Any CPU
		{4889B8D6-8090-4866-AD15-285AE46A2DA9}.Debug|x86.Build.0 = Debug|Any CPU
		{4889B8D6-8090-4866-AD15-285AE46A2DA9}.Release|Any CPU.ActiveCfg = Release|Any CPU
		{4889B8D6-8090-4866-AD15-285AE46A2DA9}.Release|Any CPU.Build.0 = Release|Any CPU
		{4889B8D6-8090-4866-AD15-285AE46A2DA9}.Release|x64.ActiveCfg = Release|Any CPU
		{4889B8D6-8090-4866-AD15-285AE46A2DA9}.Release|x64.Build.0 = Release|Any CPU
		{4889B8D6-8090-4866-AD15-285AE46A2DA9}.Release|x86.ActiveCfg = Release|Any CPU
		{4889B8D6-8090-4866-AD15-285AE46A2DA9}.Release|x86.Build.0 = Release|Any CPU
		{62464139-51DE-49A4-AF93-B354CC0A7CE2}.Debug|Any CPU.ActiveCfg = Debug|Any CPU
		{62464139-51DE-49A4-AF93-B354CC0A7CE2}.Debug|Any CPU.Build.0 = Debug|Any CPU
		{62464139-51DE-49A4-AF93-B354CC0A7CE2}.Debug|x64.ActiveCfg = Debug|Any CPU
		{62464139-51DE-49A4-AF93-B354CC0A7CE2}.Debug|x64.Build.0 = Debug|Any CPU
		{62464139-51DE-49A4-AF93-B354CC0A7CE2}.Debug|x86.ActiveCfg = Debug|Any CPU
		{62464139-51DE-49A4-AF93-B354CC0A7CE2}.Debug|x86.Build.0 = Debug|Any CPU
		{62464139-51DE-49A4-AF93-B354CC0A7CE2}.Release|Any CPU.ActiveCfg = Release|Any CPU
		{62464139-51DE-49A4-AF93-B354CC0A7CE2}.Release|Any CPU.Build.0 = Release|Any CPU
		{62464139-51DE-49A4-AF93-B354CC0A7CE2}.Release|x64.ActiveCfg = Release|Any CPU
		{62464139-51DE-49A4-AF93-B354CC0A7CE2}.Release|x64.Build.0 = Release|Any CPU
		{62464139-51DE-49A4-AF93-B354CC0A7CE2}.Release|x86.ActiveCfg = Release|Any CPU
		{62464139-51DE-49A4-AF93-B354CC0A7CE2}.Release|x86.Build.0 = Release|Any CPU
		{27ECD1EF-8683-4E79-BC83-92C9D9DEFD7B}.Debug|Any CPU.ActiveCfg = Debug|Any CPU
		{27ECD1EF-8683-4E79-BC83-92C9D9DEFD7B}.Debug|Any CPU.Build.0 = Debug|Any CPU
		{27ECD1EF-8683-4E79-BC83-92C9D9DEFD7B}.Debug|x64.ActiveCfg = Debug|Any CPU
		{27ECD1EF-8683-4E79-BC83-92C9D9DEFD7B}.Debug|x64.Build.0 = Debug|Any CPU
		{27ECD1EF-8683-4E79-BC83-92C9D9DEFD7B}.Debug|x86.ActiveCfg = Debug|Any CPU
		{27ECD1EF-8683-4E79-BC83-92C9D9DEFD7B}.Debug|x86.Build.0 = Debug|Any CPU
		{27ECD1EF-8683-4E79-BC83-92C9D9DEFD7B}.Release|Any CPU.ActiveCfg = Release|Any CPU
		{27ECD1EF-8683-4E79-BC83-92C9D9DEFD7B}.Release|Any CPU.Build.0 = Release|Any CPU
		{27ECD1EF-8683-4E79-BC83-92C9D9DEFD7B}.Release|x64.ActiveCfg = Release|Any CPU
		{27ECD1EF-8683-4E79-BC83-92C9D9DEFD7B}.Release|x64.Build.0 = Release|Any CPU
		{27ECD1EF-8683-4E79-BC83-92C9D9DEFD7B}.Release|x86.ActiveCfg = Release|Any CPU
		{27ECD1EF-8683-4E79-BC83-92C9D9DEFD7B}.Release|x86.Build.0 = Release|Any CPU
		{22F5F58A-345F-4149-AE26-6CAC4875BA60}.Debug|Any CPU.ActiveCfg = Debug|Any CPU
		{22F5F58A-345F-4149-AE26-6CAC4875BA60}.Debug|Any CPU.Build.0 = Debug|Any CPU
		{22F5F58A-345F-4149-AE26-6CAC4875BA60}.Debug|x64.ActiveCfg = Debug|Any CPU
		{22F5F58A-345F-4149-AE26-6CAC4875BA60}.Debug|x64.Build.0 = Debug|Any CPU
		{22F5F58A-345F-4149-AE26-6CAC4875BA60}.Debug|x86.ActiveCfg = Debug|Any CPU
		{22F5F58A-345F-4149-AE26-6CAC4875BA60}.Debug|x86.Build.0 = Debug|Any CPU
		{22F5F58A-345F-4149-AE26-6CAC4875BA60}.Release|Any CPU.ActiveCfg = Release|Any CPU
		{22F5F58A-345F-4149-AE26-6CAC4875BA60}.Release|Any CPU.Build.0 = Release|Any CPU
		{22F5F58A-345F-4149-AE26-6CAC4875BA60}.Release|x64.ActiveCfg = Release|Any CPU
		{22F5F58A-345F-4149-AE26-6CAC4875BA60}.Release|x64.Build.0 = Release|Any CPU
		{22F5F58A-345F-4149-AE26-6CAC4875BA60}.Release|x86.ActiveCfg = Release|Any CPU
		{22F5F58A-345F-4149-AE26-6CAC4875BA60}.Release|x86.Build.0 = Release|Any CPU
		{F40BD30A-8E53-45E7-B21D-BBC2DC79693B}.Debug|Any CPU.ActiveCfg = Debug|Any CPU
		{F40BD30A-8E53-45E7-B21D-BBC2DC79693B}.Debug|Any CPU.Build.0 = Debug|Any CPU
		{F40BD30A-8E53-45E7-B21D-BBC2DC79693B}.Debug|x64.ActiveCfg = Debug|Any CPU
		{F40BD30A-8E53-45E7-B21D-BBC2DC79693B}.Debug|x64.Build.0 = Debug|Any CPU
		{F40BD30A-8E53-45E7-B21D-BBC2DC79693B}.Debug|x86.ActiveCfg = Debug|Any CPU
		{F40BD30A-8E53-45E7-B21D-BBC2DC79693B}.Debug|x86.Build.0 = Debug|Any CPU
		{F40BD30A-8E53-45E7-B21D-BBC2DC79693B}.Release|Any CPU.ActiveCfg = Release|Any CPU
		{F40BD30A-8E53-45E7-B21D-BBC2DC79693B}.Release|Any CPU.Build.0 = Release|Any CPU
		{F40BD30A-8E53-45E7-B21D-BBC2DC79693B}.Release|x64.ActiveCfg = Release|Any CPU
		{F40BD30A-8E53-45E7-B21D-BBC2DC79693B}.Release|x64.Build.0 = Release|Any CPU
		{F40BD30A-8E53-45E7-B21D-BBC2DC79693B}.Release|x86.ActiveCfg = Release|Any CPU
		{F40BD30A-8E53-45E7-B21D-BBC2DC79693B}.Release|x86.Build.0 = Release|Any CPU
	EndGlobalSection
	GlobalSection(SolutionProperties) = preSolution
		HideSolutionNode = FALSE
	EndGlobalSection
EndGlobal
